<?xml version="1.0" encoding="utf-8"?>
<Project ToolsVersion="4.0" xmlns="http://schemas.microsoft.com/developer/msbuild/2003">
  <ItemGroup>
    <Filter Include="PlagC">
      <UniqueIdentifier>{8C8BE30D-F89F-0BBF-C121-AF1E2DF507F0}</UniqueIdentifier>
    </Filter>
    <Filter Include="PlagC\Events">
      <UniqueIdentifier>{F0418FEE-DCA4-1E93-852A-5749716CEA15}</UniqueIdentifier>
    </Filter>
    <Filter Include="PlagC\ImGui">
      <UniqueIdentifier>{B6790117-222F-7A0C-AB23-74E317D87010}</UniqueIdentifier>
    </Filter>
    <Filter Include="Platfrom">
      <UniqueIdentifier>{8AD388B4-76A0-E3BF-9FB9-D1678BE5184E}</UniqueIdentifier>
    </Filter>
    <Filter Include="Platfrom\Windows">
      <UniqueIdentifier>{C467CE9E-B060-EDF0-D992-D275C5EACCFC}</UniqueIdentifier>
    </Filter>
  </ItemGroup>
  <ItemGroup>
    <ClInclude Include="src\PlagC.h" />
    <ClInclude Include="src\PlagC\Application.h">
      <Filter>PlagC</Filter>
    </ClInclude>
    <ClInclude Include="src\PlagC\Core.h">
      <Filter>PlagC</Filter>
    </ClInclude>
    <ClInclude Include="src\PlagC\Events\ApplicationEvent.h">
      <Filter>PlagC\Events</Filter>
    </ClInclude>
    <ClInclude Include="src\PlagC\Events\Event.h">
      <Filter>PlagC\Events</Filter>
    </ClInclude>
    <ClInclude Include="src\PlagC\Events\KeyEvent.h">
      <Filter>PlagC\Events</Filter>
    </ClInclude>
    <ClInclude Include="src\PlagC\Events\MouseEvent.h">
      <Filter>PlagC\Events</Filter>
    </ClInclude>
    <ClInclude Include="src\PlagC\ImGui\ImGuiLayer.h">
      <Filter>PlagC\ImGui</Filter>
    </ClInclude>
    <ClInclude Include="src\PlagC\Input.h">
      <Filter>PlagC</Filter>
    </ClInclude>
    <ClInclude Include="src\PlagC\KeyCodes.h">
      <Filter>PlagC</Filter>
    </ClInclude>
    <ClInclude Include="src\PlagC\Layer.h">
      <Filter>PlagC</Filter>
    </ClInclude>
    <ClInclude Include="src\PlagC\LayerStack.h">
      <Filter>PlagC</Filter>
    </ClInclude>
    <ClInclude Include="src\PlagC\MouseButtonCodes.h">
      <Filter>PlagC</Filter>
    </ClInclude>
    <ClInclude Include="src\PlagC\StartingPoint.h">
      <Filter>PlagC</Filter>
    </ClInclude>
    <ClInclude Include="src\PlagC\Window.h">
      <Filter>PlagC</Filter>
    </ClInclude>
    <ClInclude Include="src\PlagC\log.h">
      <Filter>PlagC</Filter>
    </ClInclude>
    <ClInclude Include="src\Platfrom\Windows\WindowsInput.h">
      <Filter>Platfrom\Windows</Filter>
    </ClInclude>
    <ClInclude Include="src\Platfrom\WindowsWindow.h">
      <Filter>Platfrom</Filter>
    </ClInclude>
    <ClInclude Include="src\pch.h" />
    <ClInclude Include="src\PlagC\Renderer\GraphicsContext.h" />
    <ClInclude Include="src\Platfrom\OpenGL\OpenGLContext.h" />
  </ItemGroup>
  <ItemGroup>
    <ClCompile Include="src\PlagC\Application.cpp">
      <Filter>PlagC</Filter>
    </ClCompile>
    <ClCompile Include="src\PlagC\ImGui\ImGuiBuild.cpp">
      <Filter>PlagC\ImGui</Filter>
    </ClCompile>
    <ClCompile Include="src\PlagC\ImGui\ImGuiLayer.cpp">
      <Filter>PlagC\ImGui</Filter>
    </ClCompile>
    <ClCompile Include="src\PlagC\Layer.cpp">
      <Filter>PlagC</Filter>
    </ClCompile>
    <ClCompile Include="src\PlagC\LayerStack.cpp">
      <Filter>PlagC</Filter>
    </ClCompile>
    <ClCompile Include="src\PlagC\log.cpp">
      <Filter>PlagC</Filter>
    </ClCompile>
    <ClCompile Include="src\Platfrom\Windows\WindowsInput.cpp">
      <Filter>Platfrom\Windows</Filter>
    </ClCompile>
    <ClCompile Include="src\Platfrom\WindowsWindow.cpp">
      <Filter>Platfrom</Filter>
    </ClCompile>
    <ClCompile Include="src\pch.cpp" />
    <ClCompile Include="src\Platfrom\OpenGL\OpenGLContext.cpp" />
  </ItemGroup>
</Project>